
Microsoft Visual Studio Solution File, Format Version 12.00
# Visual Studio Version 17
VisualStudioVersion = 17.5.33502.453
MinimumVisualStudioVersion = 10.0.40219.1
Project("{FAE04EC0-301F-11D3-BF4B-00C04F79EFBC}") = "SonsEtMusiques", "SonsEtMusiques\SonsEtMusiques.csproj", "{CA8A8D53-925A-4D4E-86FC-E5DD7AF1D6A6}"
EndProject
Global
	GlobalSection(SolutionConfigurationPlatforms) = preSolution
		Debug|Any CPU = Debug|Any CPU
		Release|Any CPU = Release|Any CPU
	EndGlobalSection
	GlobalSection(ProjectConfigurationPlatforms) = postSolution
		{CA8A8D53-925A-4D4E-86FC-E5DD7AF1D6A6}.Debug|Any CPU.ActiveCfg = Debug|Any CPU
		{CA8A8D53-925A-4D4E-86FC-E5DD7AF1D6A6}.Debug|Any CPU.Build.0 = Debug|Any CPU
		{CA8A8D53-925A-4D4E-86FC-E5DD7AF1D6A6}.Release|Any CPU.ActiveCfg = Release|Any CPU
		{CA8A8D53-925A-4D4E-86FC-E5DD7AF1D6A6}.Release|Any CPU.Build.0 = Release|Any CPU
	EndGlobalSection
	GlobalSection(SolutionProperties) = preSolution
		HideSolutionNode = FALSE
	EndGlobalSection
	GlobalSection(ExtensibilityGlobals) = postSolution
		SolutionGuid = {6F83E068-E2BA-4666-B261-A19E99796D8E}
	EndGlobalSection
EndGlobal
