
Microsoft Visual Studio Solution File, Format Version 12.00
# Visual Studio Version 17
VisualStudioVersion = 17.5.33502.453
MinimumVisualStudioVersion = 10.0.40219.1
Project("{FAE04EC0-301F-11D3-BF4B-00C04F79EFBC}") = "ClassState", "ClassState\ClassState.csproj", "{C2AC729C-7331-4A32-A157-04801EA5FAD6}"
EndProject
Global
	GlobalSection(SolutionConfigurationPlatforms) = preSolution
		Debug|Any CPU = Debug|Any CPU
		Release|Any CPU = Release|Any CPU
	EndGlobalSection
	GlobalSection(ProjectConfigurationPlatforms) = postSolution
		{C2AC729C-7331-4A32-A157-04801EA5FAD6}.Debug|Any CPU.ActiveCfg = Debug|Any CPU
		{C2AC729C-7331-4A32-A157-04801EA5FAD6}.Debug|Any CPU.Build.0 = Debug|Any CPU
		{C2AC729C-7331-4A32-A157-04801EA5FAD6}.Release|Any CPU.ActiveCfg = Release|Any CPU
		{C2AC729C-7331-4A32-A157-04801EA5FAD6}.Release|Any CPU.Build.0 = Release|Any CPU
	EndGlobalSection
	GlobalSection(SolutionProperties) = preSolution
		HideSolutionNode = FALSE
	EndGlobalSection
	GlobalSection(ExtensibilityGlobals) = postSolution
		SolutionGuid = {C302B5C1-5645-48DB-847C-C22F47E3EC33}
	EndGlobalSection
EndGlobal
